# THIS IS AN AUTOGENERATED FILE. DO NOT EDIT THIS FILE DIRECTLY.
# yarn lockfile v1


"@trevoreyre/autocomplete-js@^2.2.0":
  version "2.2.0"
  resolved "https://registry.yarnpkg.com/@trevoreyre/autocomplete-js/-/autocomplete-js-2.2.0.tgz#54a4dcf30a91782f58478f5d8d402f5f46433df5"
  integrity sha512-emHJWZBPWdB5iDW9MrLSfq3lopyDlIhYXa8ttnCX9kQp1g+G0Lmfu/v6fW2aggjAfsZX8ksuZSG65o+EdwoN0g==
